// !$*UTF8*$!
{
	archiveVersion = 1;
	classes = {
	};
	objectVersion = 46;
	objects = {

/* Begin PBXBuildFile section */
		E9FA64F41C04EE1F008DDE69 /* main.m in Sources */ = {isa = PBXBuildFile; fileRef = E9FA64F31C04EE1F008DDE69 /* main.m */; };
		E9FA64F71C04EE1F008DDE69 /* AppDelegate.m in Sources */ = {isa = PBXBuildFile; fileRef = E9FA64F61C04EE1F008DDE69 /* AppDelegate.m */; };
		E9FA64FA1C04EE1F008DDE69 /* ViewController.m in Sources */ = {isa = PBXBuildFile; fileRef = E9FA64F91C04EE1F008DDE69 /* ViewController.m */; };
		E9FA64FD1C04EE1F008DDE69 /* Main.storyboard in Resources */ = {isa = PBXBuildFile; fileRef = E9FA64FB1C04EE1F008DDE69 /* Main.storyboard */; };
		E9FA64FF1C04EE1F008DDE69 /* Assets.xcassets in Resources */ = {isa = PBXBuildFile; fileRef = E9FA64FE1C04EE1F008DDE69 /* Assets.xcassets */; };
		E9FA65021C04EE1F008DDE69 /* LaunchScreen.storyboard in Resources */ = {isa = PBXBuildFile; fileRef = E9FA65001C04EE1F008DDE69 /* LaunchScreen.storyboard */; };
		E9FA650D1C04EE1F008DDE69 /* tiltTests.m in Sources */ = {isa = PBXBuildFile; fileRef = E9FA650C1C04EE1F008DDE69 /* tiltTests.m */; };
/* End PBXBuildFile section */

/* Begin PBXContainerItemProxy section */
		E9FA65091C04EE1F008DDE69 /* PBXContainerItemProxy */ = {
			isa = PBXContainerItemProxy;
			containerPortal = E9FA64E71C04EE1F008DDE69 /* Project object */;
			proxyType = 1;
			remoteGlobalIDString = E9FA64EE1C04EE1F008DDE69;
			remoteInfo = tilt;
		};
/* End PBXContainerItemProxy section */

/* Begin PBXFileReference section */
		E9FA64EF1C04EE1F008DDE69 /* tilt.app */ = {isa = PBXFileReference; explicitFileType = wrapper.application; includeInIndex = 0; path = tilt.app; sourceTree = BUILT_PRODUCTS_DIR; };
		E9FA64F31C04EE1F008DDE69 /* main.m */ = {isa = PBXFileReference; lastKnownFileType = sourcecode.c.objc; path = main.m; sourceTree = "<group>"; };
		E9FA64F51C04EE1F008DDE69 /* AppDelegate.h */ = {isa = PBXFileReference; lastKnownFileType = sourcecode.c.h; path = AppDelegate.h; sourceTree = "<group>"; };
		E9FA64F61C04EE1F008DDE69 /* AppDelegate.m */ = {isa = PBXFileReference; lastKnownFileType = sourcecode.c.objc; path = AppDelegate.m; sourceTree = "<group>"; };
		E9FA64F81C04EE1F008DDE69 /* ViewController.h */ = {isa = PBXFileReference; lastKnownFileType = sourcecode.c.h; path = ViewController.h; sourceTree = "<group>"; };
		E9FA64F91C04EE1F008DDE69 /* ViewController.m */ = {isa = PBXFileReference; lastKnownFileType = sourcecode.c.objc; path = ViewController.m; sourceTree = "<group>"; };
		E9FA64FC1C04EE1F008DDE69 /* Base */ = {isa = PBXFileReference; lastKnownFileType = file.storyboard; name = Base; path = Base.lproj/Main.storyboard; sourceTree = "<group>"; };
		E9FA64FE1C04EE1F008DDE69 /* Assets.xcassets */ = {isa = PBXFileReference; lastKnownFileType = folder.assetcatalog; path = Assets.xcassets; sourceTree = "<group>"; };
		E9FA65011C04EE1F008DDE69 /* Base */ = {isa = PBXFileReference; lastKnownFileType = file.storyboard; name = Base; path = Base.lproj/LaunchScreen.storyboard; sourceTree = "<group>"; };
		E9FA65031C04EE1F008DDE69 /* Info.plist */ = {isa = PBXFileReference; lastKnownFileType = text.plist.xml; path = Info.plist; sourceTree = "<group>"; };
		E9FA65081C04EE1F008DDE69 /* tiltTests.xctest */ = {isa = PBXFileReference; explicitFileType = wrapper.cfbundle; includeInIndex = 0; path = tiltTests.xctest; sourceTree = BUILT_PRODUCTS_DIR; };
		E9FA650C1C04EE1F008DDE69 /* tiltTests.m */ = {isa = PBXFileReference; lastKnownFileType = sourcecode.c.objc; path = tiltTests.m; sourceTree = "<group>"; };
		E9FA650E1C04EE1F008DDE69 /* Info.plist */ = {isa = PBXFileReference; lastKnownFileType = text.plist.xml; path = Info.plist; sourceTree = "<group>"; };
/* End PBXFileReference section */

/* Begin PBXFrameworksBuildPhase section */
		E9FA64EC1C04EE1F008DDE69 /* Frameworks */ = {
			isa = PBXFrameworksBuildPhase;
			buildActionMask = 2147483647;
			files = (
			);
			runOnlyForDeploymentPostprocessing = 0;
		};
		E9FA65051C04EE1F008DDE69 /* Frameworks */ = {
			isa = PBXFrameworksBuildPhase;
			buildActionMask = 2147483647;
			files = (
			);
			runOnlyForDeploymentPostprocessing = 0;
		};
/* End PBXFrameworksBuildPhase section */

/* Begin PBXGroup section */
		E9FA64E61C04EE1F008DDE69 = {
			isa = PBXGroup;
			children = (
				E9FA64F11C04EE1F008DDE69 /* tilt */,
				E9FA650B1C04EE1F008DDE69 /* tiltTests */,
				E9FA64F01C04EE1F008DDE69 /* Products */,
			);
			sourceTree = "<group>";
		};
		E9FA64F01C04EE1F008DDE69 /* Products */ = {
			isa = PBXGroup;
			children = (
				E9FA64EF1C04EE1F008DDE69 /* tilt.app */,
				E9FA65081C04EE1F008DDE69 /* tiltTests.xctest */,
			);
			name = Products;
			sourceTree = "<group>";
		};
		E9FA64F11C04EE1F008DDE69 /* tilt */ = {
			isa = PBXGroup;
			children = (
				E9FA64F51C04EE1F008DDE69 /* AppDelegate.h */,
				E9FA64F61C04EE1F008DDE69 /* AppDelegate.m */,
				E9FA64F81C04EE1F008DDE69 /* ViewController.h */,
				E9FA64F91C04EE1F008DDE69 /* ViewController.m */,
				E9FA64FB1C04EE1F008DDE69 /* Main.storyboard */,
				E9FA64FE1C04EE1F008DDE69 /* Assets.xcassets */,
				E9FA65001C04EE1F008DDE69 /* LaunchScreen.storyboard */,
				E9FA65031C04EE1F008DDE69 /* Info.plist */,
				E9FA64F21C04EE1F008DDE69 /* Supporting Files */,
			);
			path = tilt;
			sourceTree = "<group>";
		};
		E9FA64F21C04EE1F008DDE69 /* Supporting Files */ = {
			isa = PBXGroup;
			children = (
				E9FA64F31C04EE1F008DDE69 /* main.m */,
			);
			name = "Supporting Files";
			sourceTree = "<group>";
		};
		E9FA650B1C04EE1F008DDE69 /* tiltTests */ = {
			isa = PBXGroup;
			children = (
				E9FA650C1C04EE1F008DDE69 /* tiltTests.m */,
				E9FA650E1C04EE1F008DDE69 /* Info.plist */,
			);
			path = tiltTests;
			sourceTree = "<group>";
		};
/* End PBXGroup section */

/* Begin PBXNativeTarget section */
		E9FA64EE1C04EE1F008DDE69 /* tilt */ = {
			isa = PBXNativeTarget;
			buildConfigurationList = E9FA65111C04EE1F008DDE69 /* Build configuration list for PBXNativeTarget "tilt" */;
			buildPhases = (
				E9FA64EB1C04EE1F008DDE69 /* Sources */,
				E9FA64EC1C04EE1F008DDE69 /* Frameworks */,
				E9FA64ED1C04EE1F008DDE69 /* Resources */,
			);
			buildRules = (
			);
			dependencies = (
			);
			name = tilt;
			productName = tilt;
			productReference = E9FA64EF1C04EE1F008DDE69 /* tilt.app */;
			productType = "com.apple.product-type.application";
		};
		E9FA65071C04EE1F008DDE69 /* tiltTests */ = {
			isa = PBXNativeTarget;
			buildConfigurationList = E9FA65141C04EE1F008DDE69 /* Build configuration list for PBXNativeTarget "tiltTests" */;
			buildPhases = (
				E9FA65041C04EE1F008DDE69 /* Sources */,
				E9FA65051C04EE1F008DDE69 /* Frameworks */,
				E9FA65061C04EE1F008DDE69 /* Resources */,
			);
			buildRules = (
			);
			dependencies = (
				E9FA650A1C04EE1F008DDE69 /* PBXTargetDependency */,
			);
			name = tiltTests;
			productName = tiltTests;
			productReference = E9FA65081C04EE1F008DDE69 /* tiltTests.xctest */;
			productType = "com.apple.product-type.bundle.unit-test";
		};
/* End PBXNativeTarget section */

/* Begin PBXProject section */
		E9FA64E71C04EE1F008DDE69 /* Project object */ = {
			isa = PBXProject;
			attributes = {
				LastUpgradeCheck = 0700;
				ORGANIZATIONNAME = kiaraRobles;
				TargetAttributes = {
					E9FA64EE1C04EE1F008DDE69 = {
						CreatedOnToolsVersion = 7.0.1;
					};
					E9FA65071C04EE1F008DDE69 = {
						CreatedOnToolsVersion = 7.0.1;
						TestTargetID = E9FA64EE1C04EE1F008DDE69;
					};
				};
			};
			buildConfigurationList = E9FA64EA1C04EE1F008DDE69 /* Build configuration list for PBXProject "tilt" */;
			compatibilityVersion = "Xcode 3.2";
			developmentRegion = English;
			hasScannedForEncodings = 0;
			knownRegions = (
				en,
				Base,
			);
			mainGroup = E9FA64E61C04EE1F008DDE69;
			productRefGroup = E9FA64F01C04EE1F008DDE69 /* Products */;
			projectDirPath = "";
			projectRoot = "";
			targets = (
				E9FA64EE1C04EE1F008DDE69 /* tilt */,
				E9FA65071C04EE1F008DDE69 /* tiltTests */,
			);
		};
/* End PBXProject section */

/* Begin PBXResourcesBuildPhase section */
		E9FA64ED1C04EE1F008DDE69 /* Resources */ = {
			isa = PBXResourcesBuildPhase;
			buildActionMask = 2147483647;
			files = (
				E9FA65021C04EE1F008DDE69 /* LaunchScreen.storyboard in Resources */,
				E9FA64FF1C04EE1F008DDE69 /* Assets.xcassets in Resources */,
				E9FA64FD1C04EE1F008DDE69 /* Main.storyboard in Resources */,
			);
			runOnlyForDeploymentPostprocessing = 0;
		};
		E9FA65061C04EE1F008DDE69 /* Resources */ = {
			isa = PBXResourcesBuildPhase;
			buildActionMask = 2147483647;
			files = (
			);
			runOnlyForDeploymentPostprocessing = 0;
		};
/* End PBXResourcesBuildPhase section */

/* Begin PBXSourcesBuildPhase section */
		E9FA64EB1C04EE1F008DDE69 /* Sources */ = {
			isa = PBXSourcesBuildPhase;
			buildActionMask = 2147483647;
			files = (
				E9FA64FA1C04EE1F008DDE69 /* ViewController.m in Sources */,
				E9FA64F71C04EE1F008DDE69 /* AppDelegate.m in Sources */,
				E9FA64F41C04EE1F008DDE69 /* main.m in Sources */,
			);
			runOnlyForDeploymentPostprocessing = 0;
		};
		E9FA65041C04EE1F008DDE69 /* Sources */ = {
			isa = PBXSourcesBuildPhase;
			buildActionMask = 2147483647;
			files = (
				E9FA650D1C04EE1F008DDE69 /* tiltTests.m in Sources */,
			);
			runOnlyForDeploymentPostprocessing = 0;
		};
/* End PBXSourcesBuildPhase section */

/* Begin PBXTargetDependency section */
		E9FA650A1C04EE1F008DDE69 /* PBXTargetDependency */ = {
			isa = PBXTargetDependency;
			target = E9FA64EE1C04EE1F008DDE69 /* tilt */;
			targetProxy = E9FA65091C04EE1F008DDE69 /* PBXContainerItemProxy */;
		};
/* End PBXTargetDependency section */

/* Begin PBXVariantGroup section */
		E9FA64FB1C04EE1F008DDE69 /* Main.storyboard */ = {
			isa = PBXVariantGroup;
			children = (
				E9FA64FC1C04EE1F008DDE69 /* Base */,
			);
			name = Main.storyboard;
			sourceTree = "<group>";
		};
		E9FA65001C04EE1F008DDE69 /* LaunchScreen.storyboard */ = {
			isa = PBXVariantGroup;
			children = (
				E9FA65011C04EE1F008DDE69 /* Base */,
			);
			name = LaunchScreen.storyboard;
			sourceTree = "<group>";
		};
/* End PBXVariantGroup section */

/* Begin XCBuildConfiguration section */
		E9FA650F1C04EE1F008DDE69 /* Debug */ = {
			isa = XCBuildConfiguration;
			buildSettings = {
				ALWAYS_SEARCH_USER_PATHS = NO;
				CLANG_CXX_LANGUAGE_STANDARD = "gnu++0x";
				CLANG_CXX_LIBRARY = "libc++";
				CLANG_ENABLE_MODULES = YES;
				CLANG_ENABLE_OBJC_ARC = YES;
				CLANG_WARN_BOOL_CONVERSION = YES;
				CLANG_WARN_CONSTANT_CONVERSION = YES;
				CLANG_WARN_DIRECT_OBJC_ISA_USAGE = YES_ERROR;
				CLANG_WARN_EMPTY_BODY = YES;
				CLANG_WARN_ENUM_CONVERSION = YES;
				CLANG_WARN_INT_CONVERSION = YES;
				CLANG_WARN_OBJC_ROOT_CLASS = YES_ERROR;
				CLANG_WARN_UNREACHABLE_CODE = YES;
				CLANG_WARN__DUPLICATE_METHOD_MATCH = YES;
				"CODE_SIGN_IDENTITY[sdk=iphoneos*]" = "iPhone Developer";
				COPY_PHASE_STRIP = NO;
				DEBUG_INFORMATION_FORMAT = dwarf;
				ENABLE_STRICT_OBJC_MSGSEND = YES;
				ENABLE_TESTABILITY = YES;
				GCC_C_LANGUAGE_STANDARD = gnu99;
				GCC_DYNAMIC_NO_PIC = NO;
				GCC_NO_COMMON_BLOCKS = YES;
				GCC_OPTIMIZATION_LEVEL = 0;
				GCC_PREPROCESSOR_DEFINITIONS = (
					"DEBUG=1",
					"$(inherited)",
				);
				GCC_WARN_64_TO_32_BIT_CONVERSION = YES;
				GCC_WARN_ABOUT_RETURN_TYPE = YES_ERROR;
				GCC_WARN_UNDECLARED_SELECTOR = YES;
				GCC_WARN_UNINITIALIZED_AUTOS = YES_AGGRESSIVE;
				GCC_WARN_UNUSED_FUNCTION = YES;
				GCC_WARN_UNUSED_VARIABLE = YES;
				IPHONEOS_DEPLOYMENT_TARGET = 9.0;
				MTL_ENABLE_DEBUG_INFO = YES;
				ONLY_ACTIVE_ARCH = YES;
				SDKROOT = iphoneos;
			};
			name = Debug;
		};
		E9FA65101C04EE1F008DDE69 /* Release */ = {
			isa = XCBuildConfiguration;
			buildSettings = {
				ALWAYS_SEARCH_USER_PATHS = NO;
				CLANG_CXX_LANGUAGE_STANDARD = "gnu++0x";
				CLANG_CXX_LIBRARY = "libc++";
				CLANG_ENABLE_MODULES = YES;
				CLANG_ENABLE_OBJC_ARC = YES;
				CLANG_WARN_BOOL_CONVERSION = YES;
				CLANG_WARN_CONSTANT_CONVERSION = YES;
				CLANG_WARN_DIRECT_OBJC_ISA_USAGE = YES_ERROR;
				CLANG_WARN_EMPTY_BODY = YES;
				CLANG_WARN_ENUM_CONVERSION = YES;
				CLANG_WARN_INT_CONVERSION = YES;
				CLANG_WARN_OBJC_ROOT_CLASS = YES_ERROR;
				CLANG_WARN_UNREACHABLE_CODE = YES;
				CLANG_WARN__DUPLICATE_METHOD_MATCH = YES;
				"CODE_SIGN_IDENTITY[sdk=iphoneos*]" = "iPhone Developer";
				COPY_PHASE_STRIP = NO;
				DEBUG_INFORMATION_FORMAT = "dwarf-with-dsym";
				ENABLE_NS_ASSERTIONS = NO;
				ENABLE_STRICT_OBJC_MSGSEND = YES;
				GCC_C_LANGUAGE_STANDARD = gnu99;
				GCC_NO_COMMON_BLOCKS = YES;
				GCC_WARN_64_TO_32_BIT_CONVERSION = YES;
				GCC_WARN_ABOUT_RETURN_TYPE = YES_ERROR;
				GCC_WARN_UNDECLARED_SELECTOR = YES;
				GCC_WARN_UNINITIALIZED_AUTOS = YES_AGGRESSIVE;
				GCC_WARN_UNUSED_FUNCTION = YES;
				GCC_WARN_UNUSED_VARIABLE = YES;
				IPHONEOS_DEPLOYMENT_TARGET = 9.0;
				MTL_ENABLE_DEBUG_INFO = NO;
				SDKROOT = iphoneos;
				VALIDATE_PRODUCT = YES;
			};
			name = Release;
		};
		E9FA65121C04EE1F008DDE69 /* Debug */ = {
			isa = XCBuildConfiguration;
			buildSettings = {
				ASSETCATALOG_COMPILER_APPICON_NAME = AppIcon;
				INFOPLIST_FILE = tilt/Info.plist;
				LD_RUNPATH_SEARCH_PATHS = "$(inherited) @executable_path/Frameworks";
				PRODUCT_BUNDLE_IDENTIFIER = kiaraRobles.tilt;
				PRODUCT_NAME = "$(TARGET_NAME)";
			};
			name = Debug;
		};
		E9FA65131C04EE1F008DDE69 /* Release */ = {
			isa = XCBuildConfiguration;
			buildSettings = {
				ASSETCATALOG_COMPILER_APPICON_NAME = AppIcon;
				INFOPLIST_FILE = tilt/Info.plist;
				LD_RUNPATH_SEARCH_PATHS = "$(inherited) @executable_path/Frameworks";
				PRODUCT_BUNDLE_IDENTIFIER = kiaraRobles.tilt;
				PRODUCT_NAME = "$(TARGET_NAME)";
			};
			name = Release;
		};
		E9FA65151C04EE1F008DDE69 /* Debug */ = {
			isa = XCBuildConfiguration;
			buildSettings = {
				BUNDLE_LOADER = "$(TEST_HOST)";
				INFOPLIST_FILE = tiltTests/Info.plist;
				LD_RUNPATH_SEARCH_PATHS = "$(inherited) @executable_path/Frameworks @loader_path/Frameworks";
				PRODUCT_BUNDLE_IDENTIFIER = kiaraRobles.tiltTests;
				PRODUCT_NAME = "$(TARGET_NAME)";
				TEST_HOST = "$(BUILT_PRODUCTS_DIR)/tilt.app/tilt";
			};
			name = Debug;
		};
		E9FA65161C04EE1F008DDE69 /* Release */ = {
			isa = XCBuildConfiguration;
			buildSettings = {
				BUNDLE_LOADER = "$(TEST_HOST)";
				INFOPLIST_FILE = tiltTests/Info.plist;
				LD_RUNPATH_SEARCH_PATHS = "$(inherited) @executable_path/Frameworks @loader_path/Frameworks";
				PRODUCT_BUNDLE_IDENTIFIER = kiaraRobles.tiltTests;
				PRODUCT_NAME = "$(TARGET_NAME)";
				TEST_HOST = "$(BUILT_PRODUCTS_DIR)/tilt.app/tilt";
			};
			name = Release;
		};
/* End XCBuildConfiguration section */

/* Begin XCConfigurationList section */
		E9FA64EA1C04EE1F008DDE69 /* Build configuration list for PBXProject "tilt" */ = {
			isa = XCConfigurationList;
			buildConfigurations = (
				E9FA650F1C04EE1F008DDE69 /* Debug */,
				E9FA65101C04EE1F008DDE69 /* Release */,
			);
			defaultConfigurationIsVisible = 0;
			defaultConfigurationName = Release;
		};
		E9FA65111C04EE1F008DDE69 /* Build configuration list for PBXNativeTarget "tilt" */ = {
			isa = XCConfigurationList;
			buildConfigurations = (
				E9FA65121C04EE1F008DDE69 /* Debug */,
				E9FA65131C04EE1F008DDE69 /* Release */,
			);
			defaultConfigurationIsVisible = 0;
		};
		E9FA65141C04EE1F008DDE69 /* Build configuration list for PBXNativeTarget "tiltTests" */ = {
			isa = XCConfigurationList;
			buildConfigurations = (
				E9FA65151C04EE1F008DDE69 /* Debug */,
				E9FA65161C04EE1F008DDE69 /* Release */,
			);
			defaultConfigurationIsVisible = 0;
		};
/* End XCConfigurationList section */
	};
	rootObject = E9FA64E71C04EE1F008DDE69 /* Project object */;
}
